version = 1
revision = 1
requires-python = ">=3.13"

[[package]]
name = "et-xmlfile"
version = "2.0.0"
source = { registry = "https://pypi.org/simple" }
sdist = { url = "https://files.pythonhosted.org/packages/d3/38/af70d7ab1ae9d4da450eeec1fa3918940a5fafb9055e934af8d6eb0c2313/et_xmlfile-2.0.0.tar.gz", hash = "sha256:dab3f4764309081ce75662649be815c4c9081e88f0837825f90fd28317d4da54", size = 17234 }
wheels = [
    { url = "https://files.pythonhosted.org/packages/c1/8b/5fe2cc11fee489817272089c4203e679c63b570a5aaeb18d852ae3cbba6a/et_xmlfile-2.0.0-py3-none-any.whl", hash = "sha256:7a91720bc756843502c3b7504c77b8fe44217c85c537d85037f0f536151b2caa", size = 18059 },
]

[[package]]
name = "excel-tables-format"
version = "0.1.0"
source = { virtual = "." }
dependencies = [
    { name = "openpyxl" },
    { name = "polars", extra = ["excel"] },
]

[package.metadata]
requires-dist = [
    { name = "openpyxl", specifier = ">=3.1.5" },
    { name = "polars", extras = ["excel"], specifier = ">=1.29.0" },
]

[[package]]
name = "fastexcel"
version = "0.14.0"
source = { registry = "https://pypi.org/simple" }
dependencies = [
    { name = "pyarrow" },
]
sdist = { url = "https://files.pythonhosted.org/packages/b7/55/376bc213921232d18dc9287c7e4eddd892d29e6a988c3ab022ee96f3a7ae/fastexcel-0.14.0.tar.gz", hash = "sha256:c73460c2ce2a07cf1a21a27aae67af3bc6a855fb4aa191c20c6ddae3f0573215", size = 40892 }
wheels = [
    { url = "https://files.pythonhosted.org/packages/b8/5a/e5612bb03f113e283cdd4e137a24e60d312230e55870a2879cc62ee256cd/fastexcel-0.14.0-cp39-abi3-macosx_10_12_x86_64.whl", hash = "sha256:8cf9fdff9df918cc2dfad66932cd238b6e1e5e1b7b0a079df713a35d2af1586e", size = 1281472 },
    { url = "https://files.pythonhosted.org/packages/12/97/204b0da0b1d94af752e5a7a515d4b68e8d957bc48a04d27a3087ea80e0c2/fastexcel-0.14.0-cp39-abi3-macosx_11_0_arm64.whl", hash = "sha256:0764cb1232e5feb4a7953ee53e60a46f330fa32ef012d813fa491173c7578d3b", size = 1235392 },
    { url = "https://files.pythonhosted.org/packages/38/41/7a0b8c0421cbda0f6185bfeaf55d06cd12073f68abb31cc70f385350f1bc/fastexcel-0.14.0-cp39-abi3-manylinux_2_17_aarch64.manylinux2014_aarch64.whl", hash = "sha256:fecc5927ef18eba36f360aec0994e2cef106f8d83f197734d460ae198e5c0b87", size = 1359282 },
    { url = "https://files.pythonhosted.org/packages/8d/86/f00dae040b315505008c4e94ae59c5de0b5fdaefdb27c046bb11917628da/fastexcel-0.14.0-cp39-abi3-manylinux_2_17_x86_64.manylinux2014_x86_64.whl", hash = "sha256:c70f463b88d72205eb5069754b07edb9a877bab9991ca71f8db1cc4e1bb8d8a4", size = 1383225 },
    { url = "https://files.pythonhosted.org/packages/f2/5f/fdb54eab1fae9057fbcaca3b4b283cde717686c9e67e3cff2796a308b1e2/fastexcel-0.14.0-cp39-abi3-win_amd64.whl", hash = "sha256:856d061b254268302ee968d10fd446b83f4a1a932588149539be4fb9d34224d4", size = 1094572 },
]

[[package]]
name = "openpyxl"
version = "3.1.5"
source = { registry = "https://pypi.org/simple" }
dependencies = [
    { name = "et-xmlfile" },
]
sdist = { url = "https://files.pythonhosted.org/packages/3d/f9/88d94a75de065ea32619465d2f77b29a0469500e99012523b91cc4141cd1/openpyxl-3.1.5.tar.gz", hash = "sha256:cf0e3cf56142039133628b5acffe8ef0c12bc902d2aadd3e0fe5878dc08d1050", size = 186464 }
wheels = [
    { url = "https://files.pythonhosted.org/packages/c0/da/977ded879c29cbd04de313843e76868e6e13408a94ed6b987245dc7c8506/openpyxl-3.1.5-py2.py3-none-any.whl", hash = "sha256:5282c12b107bffeef825f4617dc029afaf41d0ea60823bbb665ef3079dc79de2", size = 250910 },
]

[[package]]
name = "polars"
version = "1.29.0"
source = { registry = "https://pypi.org/simple" }
sdist = { url = "https://files.pythonhosted.org/packages/0b/92/8d0e80fef779a392b1a736b554ffba62403026bad7df8a9de8b61dce018f/polars-1.29.0.tar.gz", hash = "sha256:d2acb71fce1ff0ea76db5f648abd91a7a6c460fafabce9a2e8175184efa00d02", size = 4582973 }
wheels = [
    { url = "https://files.pythonhosted.org/packages/e7/5f/b277179cfce1258fecf4ad73cf627f670be41fdf088727090f68ca9c96ff/polars-1.29.0-cp39-abi3-macosx_10_12_x86_64.whl", hash = "sha256:d053ee3217df31468caf2f5ddb9fd0f3a94fd42afdf7d9abe23d9d424adca02b", size = 34206809 },
    { url = "https://files.pythonhosted.org/packages/34/e7/634e5cb55ce8bef23ac8ad8e3834c9045f4b3cbdff1fb9e7826d864436e6/polars-1.29.0-cp39-abi3-macosx_11_0_arm64.whl", hash = "sha256:14131078e365eae5ccda3e67383cd43c0c0598d7f760bdf1cb4082566c5494ce", size = 31100055 },
    { url = "https://files.pythonhosted.org/packages/50/15/0e9072e410731980ebc567c60a0a5f02bc2183310e48704ef83682cdd54c/polars-1.29.0-cp39-abi3-manylinux_2_17_x86_64.manylinux2014_x86_64.whl", hash = "sha256:54f6902da333f99208b8d27765d580ba0299b412787c0564275912122c228e40", size = 34828438 },
    { url = "https://files.pythonhosted.org/packages/69/c0/90fcaac5c95aa225b3899698289c0424d429ef72248b593f15294f95a35e/polars-1.29.0-cp39-abi3-manylinux_2_24_aarch64.whl", hash = "sha256:7a0ac6a11088279af4d715f4b58068835f551fa5368504a53401743006115e78", size = 32073830 },
    { url = "https://files.pythonhosted.org/packages/17/ed/e5e570e22a03549a3c5397035a006b2c6343856a9fd15cccb5db39bdfa0a/polars-1.29.0-cp39-abi3-win_amd64.whl", hash = "sha256:f5aac4656e58b1e12f9481950981ef68b5b0e53dd4903bd72472efd2d09a74c8", size = 34971841 },
    { url = "https://files.pythonhosted.org/packages/45/fd/9039f609d76b3ebb13777f289502a00b52709aea5c35aed01d1090ac142f/polars-1.29.0-cp39-abi3-win_arm64.whl", hash = "sha256:0c105b07b980b77fe88c3200b015bf4695e53185385f0f244c13e2d1027c7bbf", size = 31298689 },
]

[package.optional-dependencies]
excel = [
    { name = "fastexcel" },
    { name = "openpyxl" },
    { name = "xlsx2csv" },
    { name = "xlsxwriter" },
]

[[package]]
name = "pyarrow"
version = "20.0.0"
source = { registry = "https://pypi.org/simple" }
sdist = { url = "https://files.pythonhosted.org/packages/a2/ee/a7810cb9f3d6e9238e61d312076a9859bf3668fd21c69744de9532383912/pyarrow-20.0.0.tar.gz", hash = "sha256:febc4a913592573c8d5805091a6c2b5064c8bd6e002131f01061797d91c783c1", size = 1125187 }
wheels = [
    { url = "https://files.pythonhosted.org/packages/9b/aa/daa413b81446d20d4dad2944110dcf4cf4f4179ef7f685dd5a6d7570dc8e/pyarrow-20.0.0-cp313-cp313-macosx_12_0_arm64.whl", hash = "sha256:a15532e77b94c61efadde86d10957950392999503b3616b2ffcef7621a002893", size = 30798501 },
    { url = "https://files.pythonhosted.org/packages/ff/75/2303d1caa410925de902d32ac215dc80a7ce7dd8dfe95358c165f2adf107/pyarrow-20.0.0-cp313-cp313-macosx_12_0_x86_64.whl", hash = "sha256:dd43f58037443af715f34f1322c782ec463a3c8a94a85fdb2d987ceb5658e061", size = 32277895 },
    { url = "https://files.pythonhosted.org/packages/92/41/fe18c7c0b38b20811b73d1bdd54b1fccba0dab0e51d2048878042d84afa8/pyarrow-20.0.0-cp313-cp313-manylinux_2_17_aarch64.manylinux2014_aarch64.whl", hash = "sha256:aa0d288143a8585806e3cc7c39566407aab646fb9ece164609dac1cfff45f6ae", size = 41327322 },
    { url = "https://files.pythonhosted.org/packages/da/ab/7dbf3d11db67c72dbf36ae63dcbc9f30b866c153b3a22ef728523943eee6/pyarrow-20.0.0-cp313-cp313-manylinux_2_17_x86_64.manylinux2014_x86_64.whl", hash = "sha256:b6953f0114f8d6f3d905d98e987d0924dabce59c3cda380bdfaa25a6201563b4", size = 42411441 },
    { url = "https://files.pythonhosted.org/packages/90/c3/0c7da7b6dac863af75b64e2f827e4742161128c350bfe7955b426484e226/pyarrow-20.0.0-cp313-cp313-manylinux_2_28_aarch64.whl", hash = "sha256:991f85b48a8a5e839b2128590ce07611fae48a904cae6cab1f089c5955b57eb5", size = 40677027 },
    { url = "https://files.pythonhosted.org/packages/be/27/43a47fa0ff9053ab5203bb3faeec435d43c0d8bfa40179bfd076cdbd4e1c/pyarrow-20.0.0-cp313-cp313-manylinux_2_28_x86_64.whl", hash = "sha256:97c8dc984ed09cb07d618d57d8d4b67a5100a30c3818c2fb0b04599f0da2de7b", size = 42281473 },
    { url = "https://files.pythonhosted.org/packages/bc/0b/d56c63b078876da81bbb9ba695a596eabee9b085555ed12bf6eb3b7cab0e/pyarrow-20.0.0-cp313-cp313-musllinux_1_2_aarch64.whl", hash = "sha256:9b71daf534f4745818f96c214dbc1e6124d7daf059167330b610fc69b6f3d3e3", size = 42893897 },
    { url = "https://files.pythonhosted.org/packages/92/ac/7d4bd020ba9145f354012838692d48300c1b8fe5634bfda886abcada67ed/pyarrow-20.0.0-cp313-cp313-musllinux_1_2_x86_64.whl", hash = "sha256:e8b88758f9303fa5a83d6c90e176714b2fd3852e776fc2d7e42a22dd6c2fb368", size = 44543847 },
    { url = "https://files.pythonhosted.org/packages/9d/07/290f4abf9ca702c5df7b47739c1b2c83588641ddfa2cc75e34a301d42e55/pyarrow-20.0.0-cp313-cp313-win_amd64.whl", hash = "sha256:30b3051b7975801c1e1d387e17c588d8ab05ced9b1e14eec57915f79869b5031", size = 25653219 },
    { url = "https://files.pythonhosted.org/packages/95/df/720bb17704b10bd69dde086e1400b8eefb8f58df3f8ac9cff6c425bf57f1/pyarrow-20.0.0-cp313-cp313t-macosx_12_0_arm64.whl", hash = "sha256:ca151afa4f9b7bc45bcc791eb9a89e90a9eb2772767d0b1e5389609c7d03db63", size = 30853957 },
    { url = "https://files.pythonhosted.org/packages/d9/72/0d5f875efc31baef742ba55a00a25213a19ea64d7176e0fe001c5d8b6e9a/pyarrow-20.0.0-cp313-cp313t-macosx_12_0_x86_64.whl", hash = "sha256:4680f01ecd86e0dd63e39eb5cd59ef9ff24a9d166db328679e36c108dc993d4c", size = 32247972 },
    { url = "https://files.pythonhosted.org/packages/d5/bc/e48b4fa544d2eea72f7844180eb77f83f2030b84c8dad860f199f94307ed/pyarrow-20.0.0-cp313-cp313t-manylinux_2_17_aarch64.manylinux2014_aarch64.whl", hash = "sha256:7f4c8534e2ff059765647aa69b75d6543f9fef59e2cd4c6d18015192565d2b70", size = 41256434 },
    { url = "https://files.pythonhosted.org/packages/c3/01/974043a29874aa2cf4f87fb07fd108828fc7362300265a2a64a94965e35b/pyarrow-20.0.0-cp313-cp313t-manylinux_2_17_x86_64.manylinux2014_x86_64.whl", hash = "sha256:3e1f8a47f4b4ae4c69c4d702cfbdfe4d41e18e5c7ef6f1bb1c50918c1e81c57b", size = 42353648 },
    { url = "https://files.pythonhosted.org/packages/68/95/cc0d3634cde9ca69b0e51cbe830d8915ea32dda2157560dda27ff3b3337b/pyarrow-20.0.0-cp313-cp313t-manylinux_2_28_aarch64.whl", hash = "sha256:a1f60dc14658efaa927f8214734f6a01a806d7690be4b3232ba526836d216122", size = 40619853 },
    { url = "https://files.pythonhosted.org/packages/29/c2/3ad40e07e96a3e74e7ed7cc8285aadfa84eb848a798c98ec0ad009eb6bcc/pyarrow-20.0.0-cp313-cp313t-manylinux_2_28_x86_64.whl", hash = "sha256:204a846dca751428991346976b914d6d2a82ae5b8316a6ed99789ebf976551e6", size = 42241743 },
    { url = "https://files.pythonhosted.org/packages/eb/cb/65fa110b483339add6a9bc7b6373614166b14e20375d4daa73483755f830/pyarrow-20.0.0-cp313-cp313t-musllinux_1_2_aarch64.whl", hash = "sha256:f3b117b922af5e4c6b9a9115825726cac7d8b1421c37c2b5e24fbacc8930612c", size = 42839441 },
    { url = "https://files.pythonhosted.org/packages/98/7b/f30b1954589243207d7a0fbc9997401044bf9a033eec78f6cb50da3f304a/pyarrow-20.0.0-cp313-cp313t-musllinux_1_2_x86_64.whl", hash = "sha256:e724a3fd23ae5b9c010e7be857f4405ed5e679db5c93e66204db1a69f733936a", size = 44503279 },
    { url = "https://files.pythonhosted.org/packages/37/40/ad395740cd641869a13bcf60851296c89624662575621968dcfafabaa7f6/pyarrow-20.0.0-cp313-cp313t-win_amd64.whl", hash = "sha256:82f1ee5133bd8f49d31be1299dc07f585136679666b502540db854968576faf9", size = 25944982 },
]

[[package]]
name = "xlsx2csv"
version = "0.8.4"
source = { registry = "https://pypi.org/simple" }
sdist = { url = "https://files.pythonhosted.org/packages/36/20/94860286a308a4213581c1beacd4fc7be724250c03583fcff23aaa6107bb/xlsx2csv-0.8.4.tar.gz", hash = "sha256:2aa809888826f6af5b26c77fc7f613f2bbeada0d8cc09e5a58e0f59684bb6911", size = 221390 }
wheels = [
    { url = "https://files.pythonhosted.org/packages/c4/c0/15c21556362c67f1155f3643a375d50ac67559b82c768e64e800a42a2577/xlsx2csv-0.8.4-py3-none-any.whl", hash = "sha256:52ab873fc7b2f2ca75d14aee8bd1985a9f5c1bcb3cc7b80df7a5d57a40a67473", size = 15904 },
]

[[package]]
name = "xlsxwriter"
version = "3.2.3"
source = { registry = "https://pypi.org/simple" }
sdist = { url = "https://files.pythonhosted.org/packages/a7/d1/e026d33dd5d552e5bf3a873dee54dad66b550230df8290d79394f09b2315/xlsxwriter-3.2.3.tar.gz", hash = "sha256:ad6fd41bdcf1b885876b1f6b7087560aecc9ae5a9cc2ba97dcac7ab2e210d3d5", size = 209135 }
wheels = [
    { url = "https://files.pythonhosted.org/packages/37/b1/a252d499f2760b314fcf264d2b36fcc4343a1ecdb25492b210cb0db70a68/XlsxWriter-3.2.3-py3-none-any.whl", hash = "sha256:593f8296e8a91790c6d0378ab08b064f34a642b3feb787cf6738236bd0a4860d", size = 169433 },
]
